
Microsoft Visual Studio Solution File, Format Version 12.00
# Visual Studio Version 17
VisualStudioVersion = 17.3.32929.385
MinimumVisualStudioVersion = 10.0.40219.1
Project("{FAE04EC0-301F-11D3-BF4B-00C04F79EFBC}") = "BookGoodTextPassages", "BookGoodTextPassages\BookGoodTextPassages.csproj", "{1B3C93C4-70F6-4476-81C4-38842FC434EA}"
EndProject
Global
	GlobalSection(SolutionConfigurationPlatforms) = preSolution
		Debug|Any CPU = Debug|Any CPU
		Release|Any CPU = Release|Any CPU
	EndGlobalSection
	GlobalSection(ProjectConfigurationPlatforms) = postSolution
		{1B3C93C4-70F6-4476-81C4-38842FC434EA}.Debug|Any CPU.ActiveCfg = Debug|Any CPU
		{1B3C93C4-70F6-4476-81C4-38842FC434EA}.Debug|Any CPU.Build.0 = Debug|Any CPU
		{1B3C93C4-70F6-4476-81C4-38842FC434EA}.Release|Any CPU.ActiveCfg = Release|Any CPU
		{1B3C93C4-70F6-4476-81C4-38842FC434EA}.Release|Any CPU.Build.0 = Release|Any CPU
	EndGlobalSection
	GlobalSection(SolutionProperties) = preSolution
		HideSolutionNode = FALSE
	EndGlobalSection
	GlobalSection(ExtensibilityGlobals) = postSolution
		SolutionGuid = {27C55A74-5676-4518-B7A7-3B75B73E0B15}
	EndGlobalSection
EndGlobal
